github.com/google/uuid v1.6.0 h1:NIvaJDMOsjHA8n1jAhLSgzrAzy1Hgr+hNrb57e+94F0=
github.com/google/uuid v1.6.0/go.mod h1:TIyPZe4MgqvfeYDBFedMoGGpEw/LqOeaOT+nhxU+yHo=
github.com/modelcontextprotocol-ce/go-sdk v0.0.0-20250421061645-6d9b18ec3068 h1:vivSd9+c9wBjFpJUWVyhm/ieio0YhiJ06roHMbdpi+U=
github.com/modelcontextprotocol-ce/go-sdk v0.0.0-20250421061645-6d9b18ec3068/go.mod h1:LZjOgUfCLOl0vx4qtatLzmt9OAaQ5TueTFQsst88LNA=
